
Microsoft Visual Studio Solution File, Format Version 12.00
# Visual Studio Version 16
VisualStudioVersion = 16.0.30517.126
MinimumVisualStudioVersion = 10.0.40219.1
Project("{FAE04EC0-301F-11D3-BF4B-00C04F79EFBC}") = "BlackSheep", "BlackSheep\BlackSheep.csproj", "{37E21B26-42EC-45DF-B04E-D78C4A71D95E}"
EndProject
Project("{FAE04EC0-301F-11D3-BF4B-00C04F79EFBC}") = "Seasons", "FruitsAndVegetables\Seasons.csproj", "{989DB4CE-A0A1-4D9E-94EE-7430ED43DA4F}"
EndProject
Project("{FAE04EC0-301F-11D3-BF4B-00C04F79EFBC}") = "RandomQuotes", "RandomQuotes\RandomQuotes.csproj", "{424FAED9-7A84-45DD-869C-1BDC72D31F4E}"
EndProject
Global
	GlobalSection(SolutionConfigurationPlatforms) = preSolution
		Debug|Any CPU = Debug|Any CPU
		Release|Any CPU = Release|Any CPU
	EndGlobalSection
	GlobalSection(ProjectConfigurationPlatforms) = postSolution
		{37E21B26-42EC-45DF-B04E-D78C4A71D95E}.Debug|Any CPU.ActiveCfg = Debug|Any CPU
		{37E21B26-42EC-45DF-B04E-D78C4A71D95E}.Debug|Any CPU.Build.0 = Debug|Any CPU
		{37E21B26-42EC-45DF-B04E-D78C4A71D95E}.Release|Any CPU.ActiveCfg = Release|Any CPU
		{37E21B26-42EC-45DF-B04E-D78C4A71D95E}.Release|Any CPU.Build.0 = Release|Any CPU
		{989DB4CE-A0A1-4D9E-94EE-7430ED43DA4F}.Debug|Any CPU.ActiveCfg = Debug|Any CPU
		{989DB4CE-A0A1-4D9E-94EE-7430ED43DA4F}.Debug|Any CPU.Build.0 = Debug|Any CPU
		{989DB4CE-A0A1-4D9E-94EE-7430ED43DA4F}.Release|Any CPU.ActiveCfg = Release|Any CPU
		{989DB4CE-A0A1-4D9E-94EE-7430ED43DA4F}.Release|Any CPU.Build.0 = Release|Any CPU
		{424FAED9-7A84-45DD-869C-1BDC72D31F4E}.Debug|Any CPU.ActiveCfg = Debug|Any CPU
		{424FAED9-7A84-45DD-869C-1BDC72D31F4E}.Debug|Any CPU.Build.0 = Debug|Any CPU
		{424FAED9-7A84-45DD-869C-1BDC72D31F4E}.Release|Any CPU.ActiveCfg = Release|Any CPU
		{424FAED9-7A84-45DD-869C-1BDC72D31F4E}.Release|Any CPU.Build.0 = Release|Any CPU
	EndGlobalSection
	GlobalSection(SolutionProperties) = preSolution
		HideSolutionNode = FALSE
	EndGlobalSection
	GlobalSection(ExtensibilityGlobals) = postSolution
		SolutionGuid = {1CBD64F6-9B04-477A-8332-258F4A6C55E9}
	EndGlobalSection
EndGlobal
